{
  "name": "prism-media",
  "version": "0.0.2",
  "lockfileVersion": 1,
  "requires": true,
  "dependencies": {
    "@ffmpeg-installer/darwin-x64": {
      "version": "4.0.5",
      "resolved": "https://registry.npmjs.org/@ffmpeg-installer/darwin-x64/-/darwin-x64-4.0.5.tgz",
      "integrity": "sha512-TadtnfEN5XN0C8Rj65qZrCvY6ImlIBw3a0SzBBbuT5bxCAJLqrpbkffsj7rY2c9oSJzNYJaV2W0xKiJsUZ0xyw==",
      "optional": true
    },
    "@ffmpeg-installer/ffmpeg": {
      "version": "1.0.14",
      "resolved": "https://registry.npmjs.org/@ffmpeg-installer/ffmpeg/-/ffmpeg-1.0.14.tgz",
      "integrity": "sha512-z+1B+gc5pyjsGb7IP+A9sdEETzuq6bOVEKTX4mHLWD0SVyzP2Wq8Q+H57Qhfo8VlkWK11Jef+b7jNYKwoDzXPw==",
      "requires": {
        "@ffmpeg-installer/darwin-x64": "4.0.5"
      }
    }
  }
}
